
Microsoft Visual Studio Solution File, Format Version 12.00
# Visual Studio Version 17
VisualStudioVersion = 17.14.36408.4 d17.14
MinimumVisualStudioVersion = 10.0.40219.1
Project("{FAE04EC0-301F-11D3-BF4B-00C04F79EFBC}") = "prg_v3_form3", "prg_v3_form3\prg_v3_form3.csproj", "{1B496D2A-FC73-4CD6-B609-825D39849B92}"
EndProject
Global
	GlobalSection(SolutionConfigurationPlatforms) = preSolution
		Debug|Any CPU = Debug|Any CPU
		Release|Any CPU = Release|Any CPU
	EndGlobalSection
	GlobalSection(ProjectConfigurationPlatforms) = postSolution
		{1B496D2A-FC73-4CD6-B609-825D39849B92}.Debug|Any CPU.ActiveCfg = Debug|Any CPU
		{1B496D2A-FC73-4CD6-B609-825D39849B92}.Debug|Any CPU.Build.0 = Debug|Any CPU
		{1B496D2A-FC73-4CD6-B609-825D39849B92}.Release|Any CPU.ActiveCfg = Release|Any CPU
		{1B496D2A-FC73-4CD6-B609-825D39849B92}.Release|Any CPU.Build.0 = Release|Any CPU
	EndGlobalSection
	GlobalSection(SolutionProperties) = preSolution
		HideSolutionNode = FALSE
	EndGlobalSection
	GlobalSection(ExtensibilityGlobals) = postSolution
		SolutionGuid = {ECB614E8-32F2-4697-BA11-796D1DC770A3}
	EndGlobalSection
EndGlobal
